{
  "name": "madeleine.dev",
  "version": "1.0.0",
  "lockfileVersion": 3,
  "requires": true,
  "packages": {
    "": {
      "name": "madeleine.dev",
      "version": "1.0.0",
      "license": "ISC",
      "dependencies": {
        "@madeleinehhhh/madeleines-shared-css": "github:madeleinehhhh/madeleines-shared-css"
      }
    },
    "node_modules/@madeleinehhhh/madeleines-shared-css": {
      "version": "1.0.0",
      "resolved": "git+ssh://git@github.com/madeleinehhhh/madeleines-shared-css.git#4d5410b76ad76d60b27b733118cb4094b4fc5de6"
    }
  }
}
